
Microsoft Visual Studio Solution File, Format Version 12.00
# Visual Studio Version 17
VisualStudioVersion = 17.7.34003.232
MinimumVisualStudioVersion = 10.0.40219.1
Project("{FAE04EC0-301F-11D3-BF4B-00C04F79EFBC}") = "SneakerService", "SneakerService\SneakerService.csproj", "{AE659CCD-D1E6-416F-AA52-5E8DA3602E8F}"
EndProject
Global
	GlobalSection(SolutionConfigurationPlatforms) = preSolution
		Debug|Any CPU = Debug|Any CPU
		Release|Any CPU = Release|Any CPU
	EndGlobalSection
	GlobalSection(ProjectConfigurationPlatforms) = postSolution
		{AE659CCD-D1E6-416F-AA52-5E8DA3602E8F}.Debug|Any CPU.ActiveCfg = Debug|Any CPU
		{AE659CCD-D1E6-416F-AA52-5E8DA3602E8F}.Debug|Any CPU.Build.0 = Debug|Any CPU
		{AE659CCD-D1E6-416F-AA52-5E8DA3602E8F}.Release|Any CPU.ActiveCfg = Release|Any CPU
		{AE659CCD-D1E6-416F-AA52-5E8DA3602E8F}.Release|Any CPU.Build.0 = Release|Any CPU
	EndGlobalSection
	GlobalSection(SolutionProperties) = preSolution
		HideSolutionNode = FALSE
	EndGlobalSection
	GlobalSection(ExtensibilityGlobals) = postSolution
		SolutionGuid = {602D2516-20BA-4F18-9A91-8C7B6B1ED183}
	EndGlobalSection
EndGlobal
